Microsoft Visual Studio Solution File, Format Version 11.00
# Visual Studio 2008

Project("{50CE4D8E-AB75-FCB4-6CB5-FE0202D95134}") = "Block Breaker", "Assembly-CSharp.csproj", "{8EF7FD2A-EA24-02BA-E337-8605DF5645B6}"
EndProject
Global
	GlobalSection(SolutionConfigurationPlatforms) = preSolution
		Debug|Any CPU = Debug|Any CPU
		Release|Any CPU = Release|Any CPU
	EndGlobalSection
	GlobalSection(ProjectConfigurationPlatforms) = postSolution
		{8EF7FD2A-EA24-02BA-E337-8605DF5645B6}.Debug|Any CPU.ActiveCfg = Debug|Any CPU
		{8EF7FD2A-EA24-02BA-E337-8605DF5645B6}.Debug|Any CPU.Build.0 = Debug|Any CPU
		{8EF7FD2A-EA24-02BA-E337-8605DF5645B6}.Release|Any CPU.ActiveCfg = Release|Any CPU
		{8EF7FD2A-EA24-02BA-E337-8605DF5645B6}.Release|Any CPU.Build.0 = Release|Any CPU
	EndGlobalSection
	GlobalSection(SolutionProperties) = preSolution
		HideSolutionNode = FALSE
	EndGlobalSection
	GlobalSection(MonoDevelopProperties) = preSolution
		StartupItem = Assembly-CSharp.csproj
	EndGlobalSection
EndGlobal
