Microsoft Visual Studio Solution File, Format Version 11.00
# Visual Studio 2008

Project("{A181C2E5-B4FF-F1BB-C61B-12ACBFF79278}") = "Number Wizard UI", "Assembly-CSharp.csproj", "{9E7C3F47-086B-0E0E-8870-9FF672A0C823}"
EndProject
Global
	GlobalSection(SolutionConfigurationPlatforms) = preSolution
		Debug|Any CPU = Debug|Any CPU
		Release|Any CPU = Release|Any CPU
	EndGlobalSection
	GlobalSection(ProjectConfigurationPlatforms) = postSolution
		{9E7C3F47-086B-0E0E-8870-9FF672A0C823}.Debug|Any CPU.ActiveCfg = Debug|Any CPU
		{9E7C3F47-086B-0E0E-8870-9FF672A0C823}.Debug|Any CPU.Build.0 = Debug|Any CPU
		{9E7C3F47-086B-0E0E-8870-9FF672A0C823}.Release|Any CPU.ActiveCfg = Release|Any CPU
		{9E7C3F47-086B-0E0E-8870-9FF672A0C823}.Release|Any CPU.Build.0 = Release|Any CPU
	EndGlobalSection
	GlobalSection(SolutionProperties) = preSolution
		HideSolutionNode = FALSE
	EndGlobalSection
	GlobalSection(MonoDevelopProperties) = preSolution
		StartupItem = Assembly-CSharp.csproj
	EndGlobalSection
EndGlobal
